// !$*UTF8*$!
{
	archiveVersion = 1;
	classes = {
	};
	objectVersion = 56;
	objects = {

/* Begin PBXBuildFile section */
		7576738C2C078E1800E1540D /* AppDelegate.swift in Sources */ = {isa = PBXBuildFile; fileRef = 7576738B2C078E1800E1540D /* AppDelegate.swift */; };
		7576738E2C078E1800E1540D /* SceneDelegate.swift in Sources */ = {isa = PBXBuildFile; fileRef = 7576738D2C078E1800E1540D /* SceneDelegate.swift */; };
		757673902C078E1800E1540D /* ViewController.swift in Sources */ = {isa = PBXBuildFile; fileRef = 7576738F2C078E1800E1540D /* ViewController.swift */; };
		757673932C078E1800E1540D /* Base in Resources */ = {isa = PBXBuildFile; fileRef = 757673922C078E1800E1540D /* Base */; };
		757673962C078E1800E1540D /* I_am_Rich.xcdatamodeld in Sources */ = {isa = PBXBuildFile; fileRef = 757673942C078E1800E1540D /* I_am_Rich.xcdatamodeld */; };
		757673982C078E1A00E1540D /* Assets.xcassets in Resources */ = {isa = PBXBuildFile; fileRef = 757673972C078E1A00E1540D /* Assets.xcassets */; };
		7576739B2C078E1A00E1540D /* Base in Resources */ = {isa = PBXBuildFile; fileRef = 7576739A2C078E1A00E1540D /* Base */; };
		757673A62C078E1A00E1540D /* I_am_RichTests.swift in Sources */ = {isa = PBXBuildFile; fileRef = 757673A52C078E1A00E1540D /* I_am_RichTests.swift */; };
		757673B02C078E1A00E1540D /* I_am_RichUITests.swift in Sources */ = {isa = PBXBuildFile; fileRef = 757673AF2C078E1A00E1540D /* I_am_RichUITests.swift */; };
		757673B22C078E1A00E1540D /* I_am_RichUITestsLaunchTests.swift in Sources */ = {isa = PBXBuildFile; fileRef = 757673B12C078E1A00E1540D /* I_am_RichUITestsLaunchTests.swift */; };
/* End PBXBuildFile section */

/* Begin PBXContainerItemProxy section */
		757673A22C078E1A00E1540D /* PBXContainerItemProxy */ = {
			isa = PBXContainerItemProxy;
			containerPortal = 757673802C078E1800E1540D /* Project object */;
			proxyType = 1;
			remoteGlobalIDString = 757673872C078E1800E1540D;
			remoteInfo = "I am Rich";
		};
		757673AC2C078E1A00E1540D /* PBXContainerItemProxy */ = {
			isa = PBXContainerItemProxy;
			containerPortal = 757673802C078E1800E1540D /* Project object */;
			proxyType = 1;
			remoteGlobalIDString = 757673872C078E1800E1540D;
			remoteInfo = "I am Rich";
		};
/* End PBXContainerItemProxy section */

/* Begin PBXFileReference section */
		757673882C078E1800E1540D /* I am Rich.app */ = {isa = PBXFileReference; explicitFileType = wrapper.application; includeInIndex = 0; path = "I am Rich.app"; sourceTree = BUILT_PRODUCTS_DIR; };
		7576738B2C078E1800E1540D /* AppDelegate.swift */ = {isa = PBXFileReference; lastKnownFileType = sourcecode.swift; path = AppDelegate.swift; sourceTree = "<group>"; };
		7576738D2C078E1800E1540D /* SceneDelegate.swift */ = {isa = PBXFileReference; lastKnownFileType = sourcecode.swift; path = SceneDelegate.swift; sourceTree = "<group>"; };
		7576738F2C078E1800E1540D /* ViewController.swift */ = {isa = PBXFileReference; lastKnownFileType = sourcecode.swift; path = ViewController.swift; sourceTree = "<group>"; };
		757673922C078E1800E1540D /* Base */ = {isa = PBXFileReference; lastKnownFileType = file.storyboard; name = Base; path = Base.lproj/Main.storyboard; sourceTree = "<group>"; };
		757673952C078E1800E1540D /* I_am_Rich.xcdatamodel */ = {isa = PBXFileReference; lastKnownFileType = wrapper.xcdatamodel; path = I_am_Rich.xcdatamodel; sourceTree = "<group>"; };
		757673972C078E1A00E1540D /* Assets.xcassets */ = {isa = PBXFileReference; lastKnownFileType = folder.assetcatalog; path = Assets.xcassets; sourceTree = "<group>"; };
		7576739A2C078E1A00E1540D /* Base */ = {isa = PBXFileReference; lastKnownFileType = file.storyboard; name = Base; path = Base.lproj/LaunchScreen.storyboard; sourceTree = "<group>"; };
		7576739C2C078E1A00E1540D /* Info.plist */ = {isa = PBXFileReference; lastKnownFileType = text.plist.xml; path = Info.plist; sourceTree = "<group>"; };
		757673A12C078E1A00E1540D /* I am RichTests.xctest */ = {isa = PBXFileReference; explicitFileType = wrapper.cfbundle; includeInIndex = 0; path = "I am RichTests.xctest"; sourceTree = BUILT_PRODUCTS_DIR; };
		757673A52C078E1A00E1540D /* I_am_RichTests.swift */ = {isa = PBXFileReference; lastKnownFileType = sourcecode.swift; path = I_am_RichTests.swift; sourceTree = "<group>"; };
		757673AB2C078E1A00E1540D /* I am RichUITests.xctest */ = {isa = PBXFileReference; explicitFileType = wrapper.cfbundle; includeInIndex = 0; path = "I am RichUITests.xctest"; sourceTree = BUILT_PRODUCTS_DIR; };
		757673AF2C078E1A00E1540D /* I_am_RichUITests.swift */ = {isa = PBXFileReference; lastKnownFileType = sourcecode.swift; path = I_am_RichUITests.swift; sourceTree = "<group>"; };
		757673B12C078E1A00E1540D /* I_am_RichUITestsLaunchTests.swift */ = {isa = PBXFileReference; lastKnownFileType = sourcecode.swift; path = I_am_RichUITestsLaunchTests.swift; sourceTree = "<group>"; };
/* End PBXFileReference section */

/* Begin PBXFrameworksBuildPhase section */
		757673852C078E1800E1540D /* Frameworks */ = {
			isa = PBXFrameworksBuildPhase;
			buildActionMask = 2147483647;
			files = (
			);
			runOnlyForDeploymentPostprocessing = 0;
		};
		7576739E2C078E1A00E1540D /* Frameworks */ = {
			isa = PBXFrameworksBuildPhase;
			buildActionMask = 2147483647;
			files = (
			);
			runOnlyForDeploymentPostprocessing = 0;
		};
		757673A82C078E1A00E1540D /* Frameworks */ = {
			isa = PBXFrameworksBuildPhase;
			buildActionMask = 2147483647;
			files = (
			);
			runOnlyForDeploymentPostprocessing = 0;
		};
/* End PBXFrameworksBuildPhase section */

/* Begin PBXGroup section */
		7576737F2C078E1800E1540D = {
			isa = PBXGroup;
			children = (
				7576738A2C078E1800E1540D /* I am Rich */,
				757673A42C078E1A00E1540D /* I am RichTests */,
				757673AE2C078E1A00E1540D /* I am RichUITests */,
				757673892C078E1800E1540D /* Products */,
			);
			sourceTree = "<group>";
		};
		757673892C078E1800E1540D /* Products */ = {
			isa = PBXGroup;
			children = (
				757673882C078E1800E1540D /* I am Rich.app */,
				757673A12C078E1A00E1540D /* I am RichTests.xctest */,
				757673AB2C078E1A00E1540D /* I am RichUITests.xctest */,
			);
			name = Products;
			sourceTree = "<group>";
		};
		7576738A2C078E1800E1540D /* I am Rich */ = {
			isa = PBXGroup;
			children = (
				7576738B2C078E1800E1540D /* AppDelegate.swift */,
				7576738D2C078E1800E1540D /* SceneDelegate.swift */,
				7576738F2C078E1800E1540D /* ViewController.swift */,
				757673912C078E1800E1540D /* Main.storyboard */,
				757673972C078E1A00E1540D /* Assets.xcassets */,
				757673992C078E1A00E1540D /* LaunchScreen.storyboard */,
				7576739C2C078E1A00E1540D /* Info.plist */,
				757673942C078E1800E1540D /* I_am_Rich.xcdatamodeld */,
			);
			path = "I am Rich";
			sourceTree = "<group>";
		};
		757673A42C078E1A00E1540D /* I am RichTests */ = {
			isa = PBXGroup;
			children = (
				757673A52C078E1A00E1540D /* I_am_RichTests.swift */,
			);
			path = "I am RichTests";
			sourceTree = "<group>";
		};
		757673AE2C078E1A00E1540D /* I am RichUITests */ = {
			isa = PBXGroup;
			children = (
				757673AF2C078E1A00E1540D /* I_am_RichUITests.swift */,
				757673B12C078E1A00E1540D /* I_am_RichUITestsLaunchTests.swift */,
			);
			path = "I am RichUITests";
			sourceTree = "<group>";
		};
/* End PBXGroup section */

/* Begin PBXNativeTarget section */
		757673872C078E1800E1540D /* I am Rich */ = {
			isa = PBXNativeTarget;
			buildConfigurationList = 757673B52C078E1A00E1540D /* Build configuration list for PBXNativeTarget "I am Rich" */;
			buildPhases = (
				757673842C078E1800E1540D /* Sources */,
				757673852C078E1800E1540D /* Frameworks */,
				757673862C078E1800E1540D /* Resources */,
			);
			buildRules = (
			);
			dependencies = (
			);
			name = "I am Rich";
			productName = "I am Rich";
			productReference = 757673882C078E1800E1540D /* I am Rich.app */;
			productType = "com.apple.product-type.application";
		};
		757673A02C078E1A00E1540D /* I am RichTests */ = {
			isa = PBXNativeTarget;
			buildConfigurationList = 757673B82C078E1A00E1540D /* Build configuration list for PBXNativeTarget "I am RichTests" */;
			buildPhases = (
				7576739D2C078E1A00E1540D /* Sources */,
				7576739E2C078E1A00E1540D /* Frameworks */,
				7576739F2C078E1A00E1540D /* Resources */,
			);
			buildRules = (
			);
			dependencies = (
				757673A32C078E1A00E1540D /* PBXTargetDependency */,
			);
			name = "I am RichTests";
			productName = "I am RichTests";
			productReference = 757673A12C078E1A00E1540D /* I am RichTests.xctest */;
			productType = "com.apple.product-type.bundle.unit-test";
		};
		757673AA2C078E1A00E1540D /* I am RichUITests */ = {
			isa = PBXNativeTarget;
			buildConfigurationList = 757673BB2C078E1A00E1540D /* Build configuration list for PBXNativeTarget "I am RichUITests" */;
			buildPhases = (
				757673A72C078E1A00E1540D /* Sources */,
				757673A82C078E1A00E1540D /* Frameworks */,
				757673A92C078E1A00E1540D /* Resources */,
			);
			buildRules = (
			);
			dependencies = (
				757673AD2C078E1A00E1540D /* PBXTargetDependency */,
			);
			name = "I am RichUITests";
			productName = "I am RichUITests";
			productReference = 757673AB2C078E1A00E1540D /* I am RichUITests.xctest */;
			productType = "com.apple.product-type.bundle.ui-testing";
		};
/* End PBXNativeTarget section */

/* Begin PBXProject section */
		757673802C078E1800E1540D /* Project object */ = {
			isa = PBXProject;
			attributes = {
				BuildIndependentTargetsInParallel = 1;
				LastSwiftUpdateCheck = 1540;
				LastUpgradeCheck = 1540;
				TargetAttributes = {
					757673872C078E1800E1540D = {
						CreatedOnToolsVersion = 15.4;
					};
					757673A02C078E1A00E1540D = {
						CreatedOnToolsVersion = 15.4;
						TestTargetID = 757673872C078E1800E1540D;
					};
					757673AA2C078E1A00E1540D = {
						CreatedOnToolsVersion = 15.4;
						TestTargetID = 757673872C078E1800E1540D;
					};
				};
			};
			buildConfigurationList = 757673832C078E1800E1540D /* Build configuration list for PBXProject "I am Rich" */;
			compatibilityVersion = "Xcode 14.0";
			developmentRegion = en;
			hasScannedForEncodings = 0;
			knownRegions = (
				en,
				Base,
			);
			mainGroup = 7576737F2C078E1800E1540D;
			productRefGroup = 757673892C078E1800E1540D /* Products */;
			projectDirPath = "";
			projectRoot = "";
			targets = (
				757673872C078E1800E1540D /* I am Rich */,
				757673A02C078E1A00E1540D /* I am RichTests */,
				757673AA2C078E1A00E1540D /* I am RichUITests */,
			);
		};
/* End PBXProject section */

/* Begin PBXResourcesBuildPhase section */
		757673862C078E1800E1540D /* Resources */ = {
			isa = PBXResourcesBuildPhase;
			buildActionMask = 2147483647;
			files = (
				757673982C078E1A00E1540D /* Assets.xcassets in Resources */,
				7576739B2C078E1A00E1540D /* Base in Resources */,
				757673932C078E1800E1540D /* Base in Resources */,
			);
			runOnlyForDeploymentPostprocessing = 0;
		};
		7576739F2C078E1A00E1540D /* Resources */ = {
			isa = PBXResourcesBuildPhase;
			buildActionMask = 2147483647;
			files = (
			);
			runOnlyForDeploymentPostprocessing = 0;
		};
		757673A92C078E1A00E1540D /* Resources */ = {
			isa = PBXResourcesBuildPhase;
			buildActionMask = 2147483647;
			files = (
			);
			runOnlyForDeploymentPostprocessing = 0;
		};
/* End PBXResourcesBuildPhase section */

/* Begin PBXSourcesBuildPhase section */
		757673842C078E1800E1540D /* Sources */ = {
			isa = PBXSourcesBuildPhase;
			buildActionMask = 2147483647;
			files = (
				757673902C078E1800E1540D /* ViewController.swift in Sources */,
				757673962C078E1800E1540D /* I_am_Rich.xcdatamodeld in Sources */,
				7576738C2C078E1800E1540D /* AppDelegate.swift in Sources */,
				7576738E2C078E1800E1540D /* SceneDelegate.swift in Sources */,
			);
			runOnlyForDeploymentPostprocessing = 0;
		};
		7576739D2C078E1A00E1540D /* Sources */ = {
			isa = PBXSourcesBuildPhase;
			buildActionMask = 2147483647;
			files = (
				757673A62C078E1A00E1540D /* I_am_RichTests.swift in Sources */,
			);
			runOnlyForDeploymentPostprocessing = 0;
		};
		757673A72C078E1A00E1540D /* Sources */ = {
			isa = PBXSourcesBuildPhase;
			buildActionMask = 2147483647;
			files = (
				757673B22C078E1A00E1540D /* I_am_RichUITestsLaunchTests.swift in Sources */,
				757673B02C078E1A00E1540D /* I_am_RichUITests.swift in Sources */,
			);
			runOnlyForDeploymentPostprocessing = 0;
		};
/* End PBXSourcesBuildPhase section */

/* Begin PBXTargetDependency section */
		757673A32C078E1A00E1540D /* PBXTargetDependency */ = {
			isa = PBXTargetDependency;
			target = 757673872C078E1800E1540D /* I am Rich */;
			targetProxy = 757673A22C078E1A00E1540D /* PBXContainerItemProxy */;
		};
		757673AD2C078E1A00E1540D /* PBXTargetDependency */ = {
			isa = PBXTargetDependency;
			target = 757673872C078E1800E1540D /* I am Rich */;
			targetProxy = 757673AC2C078E1A00E1540D /* PBXContainerItemProxy */;
		};
/* End PBXTargetDependency section */

/* Begin PBXVariantGroup section */
		757673912C078E1800E1540D /* Main.storyboard */ = {
			isa = PBXVariantGroup;
			children = (
				757673922C078E1800E1540D /* Base */,
			);
			name = Main.storyboard;
			sourceTree = "<group>";
		};
		757673992C078E1A00E1540D /* LaunchScreen.storyboard */ = {
			isa = PBXVariantGroup;
			children = (
				7576739A2C078E1A00E1540D /* Base */,
			);
			name = LaunchScreen.storyboard;
			sourceTree = "<group>";
		};
/* End PBXVariantGroup section */

/* Begin XCBuildConfiguration section */
		757673B32C078E1A00E1540D /* Debug */ = {
			isa = XCBuildConfiguration;
			buildSettings = {
				ALWAYS_SEARCH_USER_PATHS = NO;
				ASSETCATALOG_COMPILER_GENERATE_SWIFT_ASSET_SYMBOL_EXTENSIONS = YES;
				CLANG_ANALYZER_NONNULL = YES;
				CLANG_ANALYZER_NUMBER_OBJECT_CONVERSION = YES_AGGRESSIVE;
				CLANG_CXX_LANGUAGE_STANDARD = "gnu++20";
				CLANG_ENABLE_MODULES = YES;
				CLANG_ENABLE_OBJC_ARC = YES;
				CLANG_ENABLE_OBJC_WEAK = YES;
				CLANG_WARN_BLOCK_CAPTURE_AUTORELEASING = YES;
				CLANG_WARN_BOOL_CONVERSION = YES;
				CLANG_WARN_COMMA = YES;
				CLANG_WARN_CONSTANT_CONVERSION = YES;
				CLANG_WARN_DEPRECATED_OBJC_IMPLEMENTATIONS = YES;
				CLANG_WARN_DIRECT_OBJC_ISA_USAGE = YES_ERROR;
				CLANG_WARN_DOCUMENTATION_COMMENTS = YES;
				CLANG_WARN_EMPTY_BODY = YES;
				CLANG_WARN_ENUM_CONVERSION = YES;
				CLANG_WARN_INFINITE_RECURSION = YES;
				CLANG_WARN_INT_CONVERSION = YES;
				CLANG_WARN_NON_LITERAL_NULL_CONVERSION = YES;
				CLANG_WARN_OBJC_IMPLICIT_RETAIN_SELF = YES;
				CLANG_WARN_OBJC_LITERAL_CONVERSION = YES;
				CLANG_WARN_OBJC_ROOT_CLASS = YES_ERROR;
				CLANG_WARN_QUOTED_INCLUDE_IN_FRAMEWORK_HEADER = YES;
				CLANG_WARN_RANGE_LOOP_ANALYSIS = YES;
				CLANG_WARN_STRICT_PROTOTYPES = YES;
				CLANG_WARN_SUSPICIOUS_MOVE = YES;
				CLANG_WARN_UNGUARDED_AVAILABILITY = YES_AGGRESSIVE;
				CLANG_WARN_UNREACHABLE_CODE = YES;
				CLANG_WARN__DUPLICATE_METHOD_MATCH = YES;
				COPY_PHASE_STRIP = NO;
				DEBUG_INFORMATION_FORMAT = dwarf;
				ENABLE_STRICT_OBJC_MSGSEND = YES;
				ENABLE_TESTABILITY = YES;
				ENABLE_USER_SCRIPT_SANDBOXING = YES;
				GCC_C_LANGUAGE_STANDARD = gnu17;
				GCC_DYNAMIC_NO_PIC = NO;
				GCC_NO_COMMON_BLOCKS = YES;
				GCC_OPTIMIZATION_LEVEL = 0;
				GCC_PREPROCESSOR_DEFINITIONS = (
					"DEBUG=1",
					"$(inherited)",
				);
				GCC_WARN_64_TO_32_BIT_CONVERSION = YES;
				GCC_WARN_ABOUT_RETURN_TYPE = YES_ERROR;
				GCC_WARN_UNDECLARED_SELECTOR = YES;
				GCC_WARN_UNINITIALIZED_AUTOS = YES_AGGRESSIVE;
				GCC_WARN_UNUSED_FUNCTION = YES;
				GCC_WARN_UNUSED_VARIABLE = YES;
				IPHONEOS_DEPLOYMENT_TARGET = 17.5;
				LOCALIZATION_PREFERS_STRING_CATALOGS = YES;
				MTL_ENABLE_DEBUG_INFO = INCLUDE_SOURCE;
				MTL_FAST_MATH = YES;
				ONLY_ACTIVE_ARCH = YES;
				SDKROOT = iphoneos;
				SWIFT_ACTIVE_COMPILATION_CONDITIONS = "DEBUG $(inherited)";
				SWIFT_OPTIMIZATION_LEVEL = "-Onone";
			};
			name = Debug;
		};
		757673B42C078E1A00E1540D /* Release */ = {
			isa = XCBuildConfiguration;
			buildSettings = {
				ALWAYS_SEARCH_USER_PATHS = NO;
				ASSETCATALOG_COMPILER_GENERATE_SWIFT_ASSET_SYMBOL_EXTENSIONS = YES;
				CLANG_ANALYZER_NONNULL = YES;
				CLANG_ANALYZER_NUMBER_OBJECT_CONVERSION = YES_AGGRESSIVE;
				CLANG_CXX_LANGUAGE_STANDARD = "gnu++20";
				CLANG_ENABLE_MODULES = YES;
				CLANG_ENABLE_OBJC_ARC = YES;
				CLANG_ENABLE_OBJC_WEAK = YES;
				CLANG_WARN_BLOCK_CAPTURE_AUTORELEASING = YES;
				CLANG_WARN_BOOL_CONVERSION = YES;
				CLANG_WARN_COMMA = YES;
				CLANG_WARN_CONSTANT_CONVERSION = YES;
				CLANG_WARN_DEPRECATED_OBJC_IMPLEMENTATIONS = YES;
				CLANG_WARN_DIRECT_OBJC_ISA_USAGE = YES_ERROR;
				CLANG_WARN_DOCUMENTATION_COMMENTS = YES;
				CLANG_WARN_EMPTY_BODY = YES;
				CLANG_WARN_ENUM_CONVERSION = YES;
				CLANG_WARN_INFINITE_RECURSION = YES;
				CLANG_WARN_INT_CONVERSION = YES;
				CLANG_WARN_NON_LITERAL_NULL_CONVERSION = YES;
				CLANG_WARN_OBJC_IMPLICIT_RETAIN_SELF = YES;
				CLANG_WARN_OBJC_LITERAL_CONVERSION = YES;
				CLANG_WARN_OBJC_ROOT_CLASS = YES_ERROR;
				CLANG_WARN_QUOTED_INCLUDE_IN_FRAMEWORK_HEADER = YES;
				CLANG_WARN_RANGE_LOOP_ANALYSIS = YES;
				CLANG_WARN_STRICT_PROTOTYPES = YES;
				CLANG_WARN_SUSPICIOUS_MOVE = YES;
				CLANG_WARN_UNGUARDED_AVAILABILITY = YES_AGGRESSIVE;
				CLANG_WARN_UNREACHABLE_CODE = YES;
				CLANG_WARN__DUPLICATE_METHOD_MATCH = YES;
				COPY_PHASE_STRIP = NO;
				DEBUG_INFORMATION_FORMAT = "dwarf-with-dsym";
				ENABLE_NS_ASSERTIONS = NO;
				ENABLE_STRICT_OBJC_MSGSEND = YES;
				ENABLE_USER_SCRIPT_SANDBOXING = YES;
				GCC_C_LANGUAGE_STANDARD = gnu17;
				GCC_NO_COMMON_BLOCKS = YES;
				GCC_WARN_64_TO_32_BIT_CONVERSION = YES;
				GCC_WARN_ABOUT_RETURN_TYPE = YES_ERROR;
				GCC_WARN_UNDECLARED_SELECTOR = YES;
				GCC_WARN_UNINITIALIZED_AUTOS = YES_AGGRESSIVE;
				GCC_WARN_UNUSED_FUNCTION = YES;
				GCC_WARN_UNUSED_VARIABLE = YES;
				IPHONEOS_DEPLOYMENT_TARGET = 17.5;
				LOCALIZATION_PREFERS_STRING_CATALOGS = YES;
				MTL_ENABLE_DEBUG_INFO = NO;
				MTL_FAST_MATH = YES;
				SDKROOT = iphoneos;
				SWIFT_COMPILATION_MODE = wholemodule;
				VALIDATE_PRODUCT = YES;
			};
			name = Release;
		};
		757673B62C078E1A00E1540D /* Debug */ = {
			isa = XCBuildConfiguration;
			buildSettings = {
				ASSETCATALOG_COMPILER_APPICON_NAME = AppIcon;
				ASSETCATALOG_COMPILER_GLOBAL_ACCENT_COLOR_NAME = AccentColor;
				CODE_SIGN_STYLE = Automatic;
				CURRENT_PROJECT_VERSION = 1;
				GENERATE_INFOPLIST_FILE = YES;
				INFOPLIST_FILE = "I am Rich/Info.plist";
				INFOPLIST_KEY_UIApplicationSupportsIndirectInputEvents = YES;
				INFOPLIST_KEY_UILaunchStoryboardName = LaunchScreen;
				INFOPLIST_KEY_UIMainStoryboardFile = Main;
				INFOPLIST_KEY_UISupportedInterfaceOrientations_iPad = "UIInterfaceOrientationPortrait UIInterfaceOrientationPortraitUpsideDown UIInterfaceOrientationLandscapeLeft UIInterfaceOrientationLandscapeRight";
				INFOPLIST_KEY_UISupportedInterfaceOrientations_iPhone = "UIInterfaceOrientationPortrait UIInterfaceOrientationLandscapeLeft UIInterfaceOrientationLandscapeRight";
				LD_RUNPATH_SEARCH_PATHS = (
					"$(inherited)",
					"@executable_path/Frameworks",
				);
				MARKETING_VERSION = 1.0;
				PRODUCT_BUNDLE_IDENTIFIER = "co.appbrewery.I-am-Poor145.I-am-Rich";
				PRODUCT_NAME = "$(TARGET_NAME)";
				SWIFT_EMIT_LOC_STRINGS = YES;
				SWIFT_VERSION = 5.0;
				TARGETED_DEVICE_FAMILY = "1,2";
			};
			name = Debug;
		};
		757673B72C078E1A00E1540D /* Release */ = {
			isa = XCBuildConfiguration;
			buildSettings = {
				ASSETCATALOG_COMPILER_APPICON_NAME = AppIcon;
				ASSETCATALOG_COMPILER_GLOBAL_ACCENT_COLOR_NAME = AccentColor;
				CODE_SIGN_STYLE = Automatic;
				CURRENT_PROJECT_VERSION = 1;
				GENERATE_INFOPLIST_FILE = YES;
				INFOPLIST_FILE = "I am Rich/Info.plist";
				INFOPLIST_KEY_UIApplicationSupportsIndirectInputEvents = YES;
				INFOPLIST_KEY_UILaunchStoryboardName = LaunchScreen;
				INFOPLIST_KEY_UIMainStoryboardFile = Main;
				INFOPLIST_KEY_UISupportedInterfaceOrientations_iPad = "UIInterfaceOrientationPortrait UIInterfaceOrientationPortraitUpsideDown UIInterfaceOrientationLandscapeLeft UIInterfaceOrientationLandscapeRight";
				INFOPLIST_KEY_UISupportedInterfaceOrientations_iPhone = "UIInterfaceOrientationPortrait UIInterfaceOrientationLandscapeLeft UIInterfaceOrientationLandscapeRight";
				LD_RUNPATH_SEARCH_PATHS = (
					"$(inherited)",
					"@executable_path/Frameworks",
				);
				MARKETING_VERSION = 1.0;
				PRODUCT_BUNDLE_IDENTIFIER = "co.appbrewery.I-am-Poor145.I-am-Rich";
				PRODUCT_NAME = "$(TARGET_NAME)";
				SWIFT_EMIT_LOC_STRINGS = YES;
				SWIFT_VERSION = 5.0;
				TARGETED_DEVICE_FAMILY = "1,2";
			};
			name = Release;
		};
		757673B92C078E1A00E1540D /* Debug */ = {
			isa = XCBuildConfiguration;
			buildSettings = {
				ALWAYS_EMBED_SWIFT_STANDARD_LIBRARIES = YES;
				BUNDLE_LOADER = "$(TEST_HOST)";
				CODE_SIGN_STYLE = Automatic;
				CURRENT_PROJECT_VERSION = 1;
				GENERATE_INFOPLIST_FILE = YES;
				IPHONEOS_DEPLOYMENT_TARGET = 17.5;
				MARKETING_VERSION = 1.0;
				PRODUCT_BUNDLE_IDENTIFIER = "co.appbrewery.I-am-Poor145.I-am-RichTests";
				PRODUCT_NAME = "$(TARGET_NAME)";
				SWIFT_EMIT_LOC_STRINGS = NO;
				SWIFT_VERSION = 5.0;
				TARGETED_DEVICE_FAMILY = "1,2";
				TEST_HOST = "$(BUILT_PRODUCTS_DIR)/I am Rich.app/$(BUNDLE_EXECUTABLE_FOLDER_PATH)/I am Rich";
			};
			name = Debug;
		};
		757673BA2C078E1A00E1540D /* Release */ = {
			isa = XCBuildConfiguration;
			buildSettings = {
				ALWAYS_EMBED_SWIFT_STANDARD_LIBRARIES = YES;
				BUNDLE_LOADER = "$(TEST_HOST)";
				CODE_SIGN_STYLE = Automatic;
				CURRENT_PROJECT_VERSION = 1;
				GENERATE_INFOPLIST_FILE = YES;
				IPHONEOS_DEPLOYMENT_TARGET = 17.5;
				MARKETING_VERSION = 1.0;
				PRODUCT_BUNDLE_IDENTIFIER = "co.appbrewery.I-am-Poor145.I-am-RichTests";
				PRODUCT_NAME = "$(TARGET_NAME)";
				SWIFT_EMIT_LOC_STRINGS = NO;
				SWIFT_VERSION = 5.0;
				TARGETED_DEVICE_FAMILY = "1,2";
				TEST_HOST = "$(BUILT_PRODUCTS_DIR)/I am Rich.app/$(BUNDLE_EXECUTABLE_FOLDER_PATH)/I am Rich";
			};
			name = Release;
		};
		757673BC2C078E1A00E1540D /* Debug */ = {
			isa = XCBuildConfiguration;
			buildSettings = {
				ALWAYS_EMBED_SWIFT_STANDARD_LIBRARIES = YES;
				CODE_SIGN_STYLE = Automatic;
				CURRENT_PROJECT_VERSION = 1;
				GENERATE_INFOPLIST_FILE = YES;
				MARKETING_VERSION = 1.0;
				PRODUCT_BUNDLE_IDENTIFIER = "co.appbrewery.I-am-Poor145.I-am-RichUITests";
				PRODUCT_NAME = "$(TARGET_NAME)";
				SWIFT_EMIT_LOC_STRINGS = NO;
				SWIFT_VERSION = 5.0;
				TARGETED_DEVICE_FAMILY = "1,2";
				TEST_TARGET_NAME = "I am Rich";
			};
			name = Debug;
		};
		757673BD2C078E1A00E1540D /* Release */ = {
			isa = XCBuildConfiguration;
			buildSettings = {
				ALWAYS_EMBED_SWIFT_STANDARD_LIBRARIES = YES;
				CODE_SIGN_STYLE = Automatic;
				CURRENT_PROJECT_VERSION = 1;
				GENERATE_INFOPLIST_FILE = YES;
				MARKETING_VERSION = 1.0;
				PRODUCT_BUNDLE_IDENTIFIER = "co.appbrewery.I-am-Poor145.I-am-RichUITests";
				PRODUCT_NAME = "$(TARGET_NAME)";
				SWIFT_EMIT_LOC_STRINGS = NO;
				SWIFT_VERSION = 5.0;
				TARGETED_DEVICE_FAMILY = "1,2";
				TEST_TARGET_NAME = "I am Rich";
			};
			name = Release;
		};
/* End XCBuildConfiguration section */

/* Begin XCConfigurationList section */
		757673832C078E1800E1540D /* Build configuration list for PBXProject "I am Rich" */ = {
			isa = XCConfigurationList;
			buildConfigurations = (
				757673B32C078E1A00E1540D /* Debug */,
				757673B42C078E1A00E1540D /* Release */,
			);
			defaultConfigurationIsVisible = 0;
			defaultConfigurationName = Release;
		};
		757673B52C078E1A00E1540D /* Build configuration list for PBXNativeTarget "I am Rich" */ = {
			isa = XCConfigurationList;
			buildConfigurations = (
				757673B62C078E1A00E1540D /* Debug */,
				757673B72C078E1A00E1540D /* Release */,
			);
			defaultConfigurationIsVisible = 0;
			defaultConfigurationName = Release;
		};
		757673B82C078E1A00E1540D /* Build configuration list for PBXNativeTarget "I am RichTests" */ = {
			isa = XCConfigurationList;
			buildConfigurations = (
				757673B92C078E1A00E1540D /* Debug */,
				757673BA2C078E1A00E1540D /* Release */,
			);
			defaultConfigurationIsVisible = 0;
			defaultConfigurationName = Release;
		};
		757673BB2C078E1A00E1540D /* Build configuration list for PBXNativeTarget "I am RichUITests" */ = {
			isa = XCConfigurationList;
			buildConfigurations = (
				757673BC2C078E1A00E1540D /* Debug */,
				757673BD2C078E1A00E1540D /* Release */,
			);
			defaultConfigurationIsVisible = 0;
			defaultConfigurationName = Release;
		};
/* End XCConfigurationList section */

/* Begin XCVersionGroup section */
		757673942C078E1800E1540D /* I_am_Rich.xcdatamodeld */ = {
			isa = XCVersionGroup;
			children = (
				757673952C078E1800E1540D /* I_am_Rich.xcdatamodel */,
			);
			currentVersion = 757673952C078E1800E1540D /* I_am_Rich.xcdatamodel */;
			path = I_am_Rich.xcdatamodeld;
			sourceTree = "<group>";
			versionGroupType = wrapper.xcdatamodel;
		};
/* End XCVersionGroup section */
	};
	rootObject = 757673802C078E1800E1540D /* Project object */;
}
